// !$*UTF8*$!
{
	archiveVersion = 1;
	classes = {
	};
	objectVersion = 50;
	objects = {

/* Begin PBXBuildFile section */
		9B3B183C22832C3B00784631 /* AppDelegate.swift in Sources */ = {isa = PBXBuildFile; fileRef = 9B3B183B22832C3B00784631 /* AppDelegate.swift */; };
		9B3B183E22832C3B00784631 /* ViewController.swift in Sources */ = {isa = PBXBuildFile; fileRef = 9B3B183D22832C3B00784631 /* ViewController.swift */; };
		9B3B184122832C3B00784631 /* Main.storyboard in Resources */ = {isa = PBXBuildFile; fileRef = 9B3B183F22832C3B00784631 /* Main.storyboard */; };
		9B3B184322832C3C00784631 /* Assets.xcassets in Resources */ = {isa = PBXBuildFile; fileRef = 9B3B184222832C3C00784631 /* Assets.xcassets */; };
		9B3B184622832C3C00784631 /* LaunchScreen.storyboard in Resources */ = {isa = PBXBuildFile; fileRef = 9B3B184422832C3C00784631 /* LaunchScreen.storyboard */; };
		9B3B185122832C3D00784631 /* ShamazTests.swift in Sources */ = {isa = PBXBuildFile; fileRef = 9B3B185022832C3D00784631 /* ShamazTests.swift */; };
		9B3B185C22832C3D00784631 /* ShamazUITests.swift in Sources */ = {isa = PBXBuildFile; fileRef = 9B3B185B22832C3D00784631 /* ShamazUITests.swift */; };
		9B3B186A2283382000784631 /* RoundButton.swift in Sources */ = {isa = PBXBuildFile; fileRef = 9B3B18692283382000784631 /* RoundButton.swift */; };
		9B8A0EA32284935700C8DAA3 /* Utility.swift in Sources */ = {isa = PBXBuildFile; fileRef = 9B8A0EA22284935700C8DAA3 /* Utility.swift */; };
/* End PBXBuildFile section */

/* Begin PBXContainerItemProxy section */
		9B3B184D22832C3D00784631 /* PBXContainerItemProxy */ = {
			isa = PBXContainerItemProxy;
			containerPortal = 9B3B183022832C3B00784631 /* Project object */;
			proxyType = 1;
			remoteGlobalIDString = 9B3B183722832C3B00784631;
			remoteInfo = Shamaz;
		};
		9B3B185822832C3D00784631 /* PBXContainerItemProxy */ = {
			isa = PBXContainerItemProxy;
			containerPortal = 9B3B183022832C3B00784631 /* Project object */;
			proxyType = 1;
			remoteGlobalIDString = 9B3B183722832C3B00784631;
			remoteInfo = Shamaz;
		};
/* End PBXContainerItemProxy section */

/* Begin PBXFileReference section */
		9B3B183822832C3B00784631 /* Shamaz.app */ = {isa = PBXFileReference; explicitFileType = wrapper.application; includeInIndex = 0; path = Shamaz.app; sourceTree = BUILT_PRODUCTS_DIR; };
		9B3B183B22832C3B00784631 /* AppDelegate.swift */ = {isa = PBXFileReference; lastKnownFileType = sourcecode.swift; path = AppDelegate.swift; sourceTree = "<group>"; };
		9B3B183D22832C3B00784631 /* ViewController.swift */ = {isa = PBXFileReference; lastKnownFileType = sourcecode.swift; path = ViewController.swift; sourceTree = "<group>"; };
		9B3B184022832C3B00784631 /* Base */ = {isa = PBXFileReference; lastKnownFileType = file.storyboard; name = Base; path = Base.lproj/Main.storyboard; sourceTree = "<group>"; };
		9B3B184222832C3C00784631 /* Assets.xcassets */ = {isa = PBXFileReference; lastKnownFileType = folder.assetcatalog; path = Assets.xcassets; sourceTree = "<group>"; };
		9B3B184522832C3C00784631 /* Base */ = {isa = PBXFileReference; lastKnownFileType = file.storyboard; name = Base; path = Base.lproj/LaunchScreen.storyboard; sourceTree = "<group>"; };
		9B3B184722832C3C00784631 /* Info.plist */ = {isa = PBXFileReference; lastKnownFileType = text.plist.xml; path = Info.plist; sourceTree = "<group>"; };
		9B3B184C22832C3D00784631 /* ShamazTests.xctest */ = {isa = PBXFileReference; explicitFileType = wrapper.cfbundle; includeInIndex = 0; path = ShamazTests.xctest; sourceTree = BUILT_PRODUCTS_DIR; };
		9B3B185022832C3D00784631 /* ShamazTests.swift */ = {isa = PBXFileReference; lastKnownFileType = sourcecode.swift; path = ShamazTests.swift; sourceTree = "<group>"; };
		9B3B185222832C3D00784631 /* Info.plist */ = {isa = PBXFileReference; lastKnownFileType = text.plist.xml; path = Info.plist; sourceTree = "<group>"; };
		9B3B185722832C3D00784631 /* ShamazUITests.xctest */ = {isa = PBXFileReference; explicitFileType = wrapper.cfbundle; includeInIndex = 0; path = ShamazUITests.xctest; sourceTree = BUILT_PRODUCTS_DIR; };
		9B3B185B22832C3D00784631 /* ShamazUITests.swift */ = {isa = PBXFileReference; lastKnownFileType = sourcecode.swift; path = ShamazUITests.swift; sourceTree = "<group>"; };
		9B3B185D22832C3D00784631 /* Info.plist */ = {isa = PBXFileReference; lastKnownFileType = text.plist.xml; path = Info.plist; sourceTree = "<group>"; };
		9B3B18692283382000784631 /* RoundButton.swift */ = {isa = PBXFileReference; lastKnownFileType = sourcecode.swift; path = RoundButton.swift; sourceTree = "<group>"; };
		9B8A0EA22284935700C8DAA3 /* Utility.swift */ = {isa = PBXFileReference; lastKnownFileType = sourcecode.swift; path = Utility.swift; sourceTree = "<group>"; };
/* End PBXFileReference section */

/* Begin PBXFrameworksBuildPhase section */
		9B3B183522832C3B00784631 /* Frameworks */ = {
			isa = PBXFrameworksBuildPhase;
			buildActionMask = 2147483647;
			files = (
			);
			runOnlyForDeploymentPostprocessing = 0;
		};
		9B3B184922832C3D00784631 /* Frameworks */ = {
			isa = PBXFrameworksBuildPhase;
			buildActionMask = 2147483647;
			files = (
			);
			runOnlyForDeploymentPostprocessing = 0;
		};
		9B3B185422832C3D00784631 /* Frameworks */ = {
			isa = PBXFrameworksBuildPhase;
			buildActionMask = 2147483647;
			files = (
			);
			runOnlyForDeploymentPostprocessing = 0;
		};
/* End PBXFrameworksBuildPhase section */

/* Begin PBXGroup section */
		9B3B182F22832C3B00784631 = {
			isa = PBXGroup;
			children = (
				9B3B183A22832C3B00784631 /* Shamaz */,
				9B3B184F22832C3D00784631 /* ShamazTests */,
				9B3B185A22832C3D00784631 /* ShamazUITests */,
				9B3B183922832C3B00784631 /* Products */,
			);
			sourceTree = "<group>";
		};
		9B3B183922832C3B00784631 /* Products */ = {
			isa = PBXGroup;
			children = (
				9B3B183822832C3B00784631 /* Shamaz.app */,
				9B3B184C22832C3D00784631 /* ShamazTests.xctest */,
				9B3B185722832C3D00784631 /* ShamazUITests.xctest */,
			);
			name = Products;
			sourceTree = "<group>";
		};
		9B3B183A22832C3B00784631 /* Shamaz */ = {
			isa = PBXGroup;
			children = (
				9B3B183B22832C3B00784631 /* AppDelegate.swift */,
				9B3B183D22832C3B00784631 /* ViewController.swift */,
				9B3B183F22832C3B00784631 /* Main.storyboard */,
				9B8A0EA22284935700C8DAA3 /* Utility.swift */,
				9B3B18692283382000784631 /* RoundButton.swift */,
				9B3B184222832C3C00784631 /* Assets.xcassets */,
				9B3B184422832C3C00784631 /* LaunchScreen.storyboard */,
				9B3B184722832C3C00784631 /* Info.plist */,
			);
			path = Shamaz;
			sourceTree = "<group>";
		};
		9B3B184F22832C3D00784631 /* ShamazTests */ = {
			isa = PBXGroup;
			children = (
				9B3B185022832C3D00784631 /* ShamazTests.swift */,
				9B3B185222832C3D00784631 /* Info.plist */,
			);
			path = ShamazTests;
			sourceTree = "<group>";
		};
		9B3B185A22832C3D00784631 /* ShamazUITests */ = {
			isa = PBXGroup;
			children = (
				9B3B185B22832C3D00784631 /* ShamazUITests.swift */,
				9B3B185D22832C3D00784631 /* Info.plist */,
			);
			path = ShamazUITests;
			sourceTree = "<group>";
		};
/* End PBXGroup section */

/* Begin PBXNativeTarget section */
		9B3B183722832C3B00784631 /* Shamaz */ = {
			isa = PBXNativeTarget;
			buildConfigurationList = 9B3B186022832C3D00784631 /* Build configuration list for PBXNativeTarget "Shamaz" */;
			buildPhases = (
				9B3B183422832C3B00784631 /* Sources */,
				9B3B183522832C3B00784631 /* Frameworks */,
				9B3B183622832C3B00784631 /* Resources */,
			);
			buildRules = (
			);
			dependencies = (
			);
			name = Shamaz;
			productName = Shamaz;
			productReference = 9B3B183822832C3B00784631 /* Shamaz.app */;
			productType = "com.apple.product-type.application";
		};
		9B3B184B22832C3D00784631 /* ShamazTests */ = {
			isa = PBXNativeTarget;
			buildConfigurationList = 9B3B186322832C3D00784631 /* Build configuration list for PBXNativeTarget "ShamazTests" */;
			buildPhases = (
				9B3B184822832C3D00784631 /* Sources */,
				9B3B184922832C3D00784631 /* Frameworks */,
				9B3B184A22832C3D00784631 /* Resources */,
			);
			buildRules = (
			);
			dependencies = (
				9B3B184E22832C3D00784631 /* PBXTargetDependency */,
			);
			name = ShamazTests;
			productName = ShamazTests;
			productReference = 9B3B184C22832C3D00784631 /* ShamazTests.xctest */;
			productType = "com.apple.product-type.bundle.unit-test";
		};
		9B3B185622832C3D00784631 /* ShamazUITests */ = {
			isa = PBXNativeTarget;
			buildConfigurationList = 9B3B186622832C3D00784631 /* Build configuration list for PBXNativeTarget "ShamazUITests" */;
			buildPhases = (
				9B3B185322832C3D00784631 /* Sources */,
				9B3B185422832C3D00784631 /* Frameworks */,
				9B3B185522832C3D00784631 /* Resources */,
			);
			buildRules = (
			);
			dependencies = (
				9B3B185922832C3D00784631 /* PBXTargetDependency */,
			);
			name = ShamazUITests;
			productName = ShamazUITests;
			productReference = 9B3B185722832C3D00784631 /* ShamazUITests.xctest */;
			productType = "com.apple.product-type.bundle.ui-testing";
		};
/* End PBXNativeTarget section */

/* Begin PBXProject section */
		9B3B183022832C3B00784631 /* Project object */ = {
			isa = PBXProject;
			attributes = {
				LastSwiftUpdateCheck = 1020;
				LastUpgradeCheck = 1020;
				ORGANIZATIONNAME = "Ellen Covey";
				TargetAttributes = {
					9B3B183722832C3B00784631 = {
						CreatedOnToolsVersion = 10.2.1;
					};
					9B3B184B22832C3D00784631 = {
						CreatedOnToolsVersion = 10.2.1;
						TestTargetID = 9B3B183722832C3B00784631;
					};
					9B3B185622832C3D00784631 = {
						CreatedOnToolsVersion = 10.2.1;
						TestTargetID = 9B3B183722832C3B00784631;
					};
				};
			};
			buildConfigurationList = 9B3B183322832C3B00784631 /* Build configuration list for PBXProject "Shamaz" */;
			compatibilityVersion = "Xcode 9.3";
			developmentRegion = en;
			hasScannedForEncodings = 0;
			knownRegions = (
				en,
				Base,
			);
			mainGroup = 9B3B182F22832C3B00784631;
			productRefGroup = 9B3B183922832C3B00784631 /* Products */;
			projectDirPath = "";
			projectRoot = "";
			targets = (
				9B3B183722832C3B00784631 /* Shamaz */,
				9B3B184B22832C3D00784631 /* ShamazTests */,
				9B3B185622832C3D00784631 /* ShamazUITests */,
			);
		};
/* End PBXProject section */

/* Begin PBXResourcesBuildPhase section */
		9B3B183622832C3B00784631 /* Resources */ = {
			isa = PBXResourcesBuildPhase;
			buildActionMask = 2147483647;
			files = (
				9B3B184622832C3C00784631 /* LaunchScreen.storyboard in Resources */,
				9B3B184322832C3C00784631 /* Assets.xcassets in Resources */,
				9B3B184122832C3B00784631 /* Main.storyboard in Resources */,
			);
			runOnlyForDeploymentPostprocessing = 0;
		};
		9B3B184A22832C3D00784631 /* Resources */ = {
			isa = PBXResourcesBuildPhase;
			buildActionMask = 2147483647;
			files = (
			);
			runOnlyForDeploymentPostprocessing = 0;
		};
		9B3B185522832C3D00784631 /* Resources */ = {
			isa = PBXResourcesBuildPhase;
			buildActionMask = 2147483647;
			files = (
			);
			runOnlyForDeploymentPostprocessing = 0;
		};
/* End PBXResourcesBuildPhase section */

/* Begin PBXSourcesBuildPhase section */
		9B3B183422832C3B00784631 /* Sources */ = {
			isa = PBXSourcesBuildPhase;
			buildActionMask = 2147483647;
			files = (
				9B8A0EA32284935700C8DAA3 /* Utility.swift in Sources */,
				9B3B186A2283382000784631 /* RoundButton.swift in Sources */,
				9B3B183E22832C3B00784631 /* ViewController.swift in Sources */,
				9B3B183C22832C3B00784631 /* AppDelegate.swift in Sources */,
			);
			runOnlyForDeploymentPostprocessing = 0;
		};
		9B3B184822832C3D00784631 /* Sources */ = {
			isa = PBXSourcesBuildPhase;
			buildActionMask = 2147483647;
			files = (
				9B3B185122832C3D00784631 /* ShamazTests.swift in Sources */,
			);
			runOnlyForDeploymentPostprocessing = 0;
		};
		9B3B185322832C3D00784631 /* Sources */ = {
			isa = PBXSourcesBuildPhase;
			buildActionMask = 2147483647;
			files = (
				9B3B185C22832C3D00784631 /* ShamazUITests.swift in Sources */,
			);
			runOnlyForDeploymentPostprocessing = 0;
		};
/* End PBXSourcesBuildPhase section */

/* Begin PBXTargetDependency section */
		9B3B184E22832C3D00784631 /* PBXTargetDependency */ = {
			isa = PBXTargetDependency;
			target = 9B3B183722832C3B00784631 /* Shamaz */;
			targetProxy = 9B3B184D22832C3D00784631 /* PBXContainerItemProxy */;
		};
		9B3B185922832C3D00784631 /* PBXTargetDependency */ = {
			isa = PBXTargetDependency;
			target = 9B3B183722832C3B00784631 /* Shamaz */;
			targetProxy = 9B3B185822832C3D00784631 /* PBXContainerItemProxy */;
		};
/* End PBXTargetDependency section */

/* Begin PBXVariantGroup section */
		9B3B183F22832C3B00784631 /* Main.storyboard */ = {
			isa = PBXVariantGroup;
			children = (
				9B3B184022832C3B00784631 /* Base */,
			);
			name = Main.storyboard;
			sourceTree = "<group>";
		};
		9B3B184422832C3C00784631 /* LaunchScreen.storyboard */ = {
			isa = PBXVariantGroup;
			children = (
				9B3B184522832C3C00784631 /* Base */,
			);
			name = LaunchScreen.storyboard;
			sourceTree = "<group>";
		};
/* End PBXVariantGroup section */

/* Begin XCBuildConfiguration section */
		9B3B185E22832C3D00784631 /* Debug */ = {
			isa = XCBuildConfiguration;
			buildSettings = {
				ALWAYS_SEARCH_USER_PATHS = NO;
				CLANG_ANALYZER_NONNULL = YES;
				CLANG_ANALYZER_NUMBER_OBJECT_CONVERSION = YES_AGGRESSIVE;
				CLANG_CXX_LANGUAGE_STANDARD = "gnu++14";
				CLANG_CXX_LIBRARY = "libc++";
				CLANG_ENABLE_MODULES = YES;
				CLANG_ENABLE_OBJC_ARC = YES;
				CLANG_ENABLE_OBJC_WEAK = YES;
				CLANG_WARN_BLOCK_CAPTURE_AUTORELEASING = YES;
				CLANG_WARN_BOOL_CONVERSION = YES;
				CLANG_WARN_COMMA = YES;
				CLANG_WARN_CONSTANT_CONVERSION = YES;
				CLANG_WARN_DEPRECATED_OBJC_IMPLEMENTATIONS = YES;
				CLANG_WARN_DIRECT_OBJC_ISA_USAGE = YES_ERROR;
				CLANG_WARN_DOCUMENTATION_COMMENTS = YES;
				CLANG_WARN_EMPTY_BODY = YES;
				CLANG_WARN_ENUM_CONVERSION = YES;
				CLANG_WARN_INFINITE_RECURSION = YES;
				CLANG_WARN_INT_CONVERSION = YES;
				CLANG_WARN_NON_LITERAL_NULL_CONVERSION = YES;
				CLANG_WARN_OBJC_IMPLICIT_RETAIN_SELF = YES;
				CLANG_WARN_OBJC_LITERAL_CONVERSION = YES;
				CLANG_WARN_OBJC_ROOT_CLASS = YES_ERROR;
				CLANG_WARN_RANGE_LOOP_ANALYSIS = YES;
				CLANG_WARN_STRICT_PROTOTYPES = YES;
				CLANG_WARN_SUSPICIOUS_MOVE = YES;
				CLANG_WARN_UNGUARDED_AVAILABILITY = YES_AGGRESSIVE;
				CLANG_WARN_UNREACHABLE_CODE = YES;
				CLANG_WARN__DUPLICATE_METHOD_MATCH = YES;
				CODE_SIGN_IDENTITY = "iPhone Developer";
				COPY_PHASE_STRIP = NO;
				DEBUG_INFORMATION_FORMAT = dwarf;
				ENABLE_STRICT_OBJC_MSGSEND = YES;
				ENABLE_TESTABILITY = YES;
				GCC_C_LANGUAGE_STANDARD = gnu11;
				GCC_DYNAMIC_NO_PIC = NO;
				GCC_NO_COMMON_BLOCKS = YES;
				GCC_OPTIMIZATION_LEVEL = 0;
				GCC_PREPROCESSOR_DEFINITIONS = (
					"DEBUG=1",
					"$(inherited)",
				);
				GCC_WARN_64_TO_32_BIT_CONVERSION = YES;
				GCC_WARN_ABOUT_RETURN_TYPE = YES_ERROR;
				GCC_WARN_UNDECLARED_SELECTOR = YES;
				GCC_WARN_UNINITIALIZED_AUTOS = YES_AGGRESSIVE;
				GCC_WARN_UNUSED_FUNCTION = YES;
				GCC_WARN_UNUSED_VARIABLE = YES;
				IPHONEOS_DEPLOYMENT_TARGET = 12.2;
				MTL_ENABLE_DEBUG_INFO = INCLUDE_SOURCE;
				MTL_FAST_MATH = YES;
				ONLY_ACTIVE_ARCH = YES;
				SDKROOT = iphoneos;
				SWIFT_ACTIVE_COMPILATION_CONDITIONS = DEBUG;
				SWIFT_OPTIMIZATION_LEVEL = "-Onone";
			};
			name = Debug;
		};
		9B3B185F22832C3D00784631 /* Release */ = {
			isa = XCBuildConfiguration;
			buildSettings = {
				ALWAYS_SEARCH_USER_PATHS = NO;
				CLANG_ANALYZER_NONNULL = YES;
				CLANG_ANALYZER_NUMBER_OBJECT_CONVERSION = YES_AGGRESSIVE;
				CLANG_CXX_LANGUAGE_STANDARD = "gnu++14";
				CLANG_CXX_LIBRARY = "libc++";
				CLANG_ENABLE_MODULES = YES;
				CLANG_ENABLE_OBJC_ARC = YES;
				CLANG_ENABLE_OBJC_WEAK = YES;
				CLANG_WARN_BLOCK_CAPTURE_AUTORELEASING = YES;
				CLANG_WARN_BOOL_CONVERSION = YES;
				CLANG_WARN_COMMA = YES;
				CLANG_WARN_CONSTANT_CONVERSION = YES;
				CLANG_WARN_DEPRECATED_OBJC_IMPLEMENTATIONS = YES;
				CLANG_WARN_DIRECT_OBJC_ISA_USAGE = YES_ERROR;
				CLANG_WARN_DOCUMENTATION_COMMENTS = YES;
				CLANG_WARN_EMPTY_BODY = YES;
				CLANG_WARN_ENUM_CONVERSION = YES;
				CLANG_WARN_INFINITE_RECURSION = YES;
				CLANG_WARN_INT_CONVERSION = YES;
				CLANG_WARN_NON_LITERAL_NULL_CONVERSION = YES;
				CLANG_WARN_OBJC_IMPLICIT_RETAIN_SELF = YES;
				CLANG_WARN_OBJC_LITERAL_CONVERSION = YES;
				CLANG_WARN_OBJC_ROOT_CLASS = YES_ERROR;
				CLANG_WARN_RANGE_LOOP_ANALYSIS = YES;
				CLANG_WARN_STRICT_PROTOTYPES = YES;
				CLANG_WARN_SUSPICIOUS_MOVE = YES;
				CLANG_WARN_UNGUARDED_AVAILABILITY = YES_AGGRESSIVE;
				CLANG_WARN_UNREACHABLE_CODE = YES;
				CLANG_WARN__DUPLICATE_METHOD_MATCH = YES;
				CODE_SIGN_IDENTITY = "iPhone Developer";
				COPY_PHASE_STRIP = NO;
				DEBUG_INFORMATION_FORMAT = "dwarf-with-dsym";
				ENABLE_NS_ASSERTIONS = NO;
				ENABLE_STRICT_OBJC_MSGSEND = YES;
				GCC_C_LANGUAGE_STANDARD = gnu11;
				GCC_NO_COMMON_BLOCKS = YES;
				GCC_WARN_64_TO_32_BIT_CONVERSION = YES;
				GCC_WARN_ABOUT_RETURN_TYPE = YES_ERROR;
				GCC_WARN_UNDECLARED_SELECTOR = YES;
				GCC_WARN_UNINITIALIZED_AUTOS = YES_AGGRESSIVE;
				GCC_WARN_UNUSED_FUNCTION = YES;
				GCC_WARN_UNUSED_VARIABLE = YES;
				IPHONEOS_DEPLOYMENT_TARGET = 12.2;
				MTL_ENABLE_DEBUG_INFO = NO;
				MTL_FAST_MATH = YES;
				SDKROOT = iphoneos;
				SWIFT_COMPILATION_MODE = wholemodule;
				SWIFT_OPTIMIZATION_LEVEL = "-O";
				VALIDATE_PRODUCT = YES;
			};
			name = Release;
		};
		9B3B186122832C3D00784631 /* Debug */ = {
			isa = XCBuildConfiguration;
			buildSettings = {
				ASSETCATALOG_COMPILER_APPICON_NAME = AppIcon;
				CODE_SIGN_STYLE = Automatic;
				INFOPLIST_FILE = Shamaz/Info.plist;
				LD_RUNPATH_SEARCH_PATHS = (
					"$(inherited)",
					"@executable_path/Frameworks",
				);
				PRODUCT_BUNDLE_IDENTIFIER = com.ellencovey.Shamaz;
				PRODUCT_NAME = "$(TARGET_NAME)";
				SWIFT_VERSION = 5.0;
				TARGETED_DEVICE_FAMILY = "1,2";
			};
			name = Debug;
		};
		9B3B186222832C3D00784631 /* Release */ = {
			isa = XCBuildConfiguration;
			buildSettings = {
				ASSETCATALOG_COMPILER_APPICON_NAME = AppIcon;
				CODE_SIGN_STYLE = Automatic;
				INFOPLIST_FILE = Shamaz/Info.plist;
				LD_RUNPATH_SEARCH_PATHS = (
					"$(inherited)",
					"@executable_path/Frameworks",
				);
				PRODUCT_BUNDLE_IDENTIFIER = com.ellencovey.Shamaz;
				PRODUCT_NAME = "$(TARGET_NAME)";
				SWIFT_VERSION = 5.0;
				TARGETED_DEVICE_FAMILY = "1,2";
			};
			name = Release;
		};
		9B3B186422832C3D00784631 /* Debug */ = {
			isa = XCBuildConfiguration;
			buildSettings = {
				ALWAYS_EMBED_SWIFT_STANDARD_LIBRARIES = YES;
				BUNDLE_LOADER = "$(TEST_HOST)";
				CODE_SIGN_STYLE = Automatic;
				INFOPLIST_FILE = ShamazTests/Info.plist;
				LD_RUNPATH_SEARCH_PATHS = (
					"$(inherited)",
					"@executable_path/Frameworks",
					"@loader_path/Frameworks",
				);
				PRODUCT_BUNDLE_IDENTIFIER = com.ellencovey.ShamazTests;
				PRODUCT_NAME = "$(TARGET_NAME)";
				SWIFT_VERSION = 5.0;
				TARGETED_DEVICE_FAMILY = "1,2";
				TEST_HOST = "$(BUILT_PRODUCTS_DIR)/Shamaz.app/Shamaz";
			};
			name = Debug;
		};
		9B3B186522832C3D00784631 /* Release */ = {
			isa = XCBuildConfiguration;
			buildSettings = {
				ALWAYS_EMBED_SWIFT_STANDARD_LIBRARIES = YES;
				BUNDLE_LOADER = "$(TEST_HOST)";
				CODE_SIGN_STYLE = Automatic;
				INFOPLIST_FILE = ShamazTests/Info.plist;
				LD_RUNPATH_SEARCH_PATHS = (
					"$(inherited)",
					"@executable_path/Frameworks",
					"@loader_path/Frameworks",
				);
				PRODUCT_BUNDLE_IDENTIFIER = com.ellencovey.ShamazTests;
				PRODUCT_NAME = "$(TARGET_NAME)";
				SWIFT_VERSION = 5.0;
				TARGETED_DEVICE_FAMILY = "1,2";
				TEST_HOST = "$(BUILT_PRODUCTS_DIR)/Shamaz.app/Shamaz";
			};
			name = Release;
		};
		9B3B186722832C3D00784631 /* Debug */ = {
			isa = XCBuildConfiguration;
			buildSettings = {
				ALWAYS_EMBED_SWIFT_STANDARD_LIBRARIES = YES;
				CODE_SIGN_STYLE = Automatic;
				INFOPLIST_FILE = ShamazUITests/Info.plist;
				LD_RUNPATH_SEARCH_PATHS = (
					"$(inherited)",
					"@executable_path/Frameworks",
					"@loader_path/Frameworks",
				);
				PRODUCT_BUNDLE_IDENTIFIER = com.ellencovey.ShamazUITests;
				PRODUCT_NAME = "$(TARGET_NAME)";
				SWIFT_VERSION = 5.0;
				TARGETED_DEVICE_FAMILY = "1,2";
				TEST_TARGET_NAME = Shamaz;
			};
			name = Debug;
		};
		9B3B186822832C3D00784631 /* Release */ = {
			isa = XCBuildConfiguration;
			buildSettings = {
				ALWAYS_EMBED_SWIFT_STANDARD_LIBRARIES = YES;
				CODE_SIGN_STYLE = Automatic;
				INFOPLIST_FILE = ShamazUITests/Info.plist;
				LD_RUNPATH_SEARCH_PATHS = (
					"$(inherited)",
					"@executable_path/Frameworks",
					"@loader_path/Frameworks",
				);
				PRODUCT_BUNDLE_IDENTIFIER = com.ellencovey.ShamazUITests;
				PRODUCT_NAME = "$(TARGET_NAME)";
				SWIFT_VERSION = 5.0;
				TARGETED_DEVICE_FAMILY = "1,2";
				TEST_TARGET_NAME = Shamaz;
			};
			name = Release;
		};
/* End XCBuildConfiguration section */

/* Begin XCConfigurationList section */
		9B3B183322832C3B00784631 /* Build configuration list for PBXProject "Shamaz" */ = {
			isa = XCConfigurationList;
			buildConfigurations = (
				9B3B185E22832C3D00784631 /* Debug */,
				9B3B185F22832C3D00784631 /* Release */,
			);
			defaultConfigurationIsVisible = 0;
			defaultConfigurationName = Release;
		};
		9B3B186022832C3D00784631 /* Build configuration list for PBXNativeTarget "Shamaz" */ = {
			isa = XCConfigurationList;
			buildConfigurations = (
				9B3B186122832C3D00784631 /* Debug */,
				9B3B186222832C3D00784631 /* Release */,
			);
			defaultConfigurationIsVisible = 0;
			defaultConfigurationName = Release;
		};
		9B3B186322832C3D00784631 /* Build configuration list for PBXNativeTarget "ShamazTests" */ = {
			isa = XCConfigurationList;
			buildConfigurations = (
				9B3B186422832C3D00784631 /* Debug */,
				9B3B186522832C3D00784631 /* Release */,
			);
			defaultConfigurationIsVisible = 0;
			defaultConfigurationName = Release;
		};
		9B3B186622832C3D00784631 /* Build configuration list for PBXNativeTarget "ShamazUITests" */ = {
			isa = XCConfigurationList;
			buildConfigurations = (
				9B3B186722832C3D00784631 /* Debug */,
				9B3B186822832C3D00784631 /* Release */,
			);
			defaultConfigurationIsVisible = 0;
			defaultConfigurationName = Release;
		};
/* End XCConfigurationList section */
	};
	rootObject = 9B3B183022832C3B00784631 /* Project object */;
}
